
Microsoft Visual Studio Solution File, Format Version 12.00
# Visual Studio Version 17
VisualStudioVersion = 17.5.002.0
MinimumVisualStudioVersion = 10.0.40219.1
Project("{9A19103F-16F7-4668-BE54-9A1E7A4F7556}") = "TP final C#", "TP final C#.csproj", "{3CB9C3FA-5DCB-407D-8D90-05490ED0FD98}"
EndProject
Global
	GlobalSection(SolutionConfigurationPlatforms) = preSolution
		Debug|Any CPU = Debug|Any CPU
		Release|Any CPU = Release|Any CPU
	EndGlobalSection
	GlobalSection(ProjectConfigurationPlatforms) = postSolution
		{3CB9C3FA-5DCB-407D-8D90-05490ED0FD98}.Debug|Any CPU.ActiveCfg = Debug|Any CPU
		{3CB9C3FA-5DCB-407D-8D90-05490ED0FD98}.Debug|Any CPU.Build.0 = Debug|Any CPU
		{3CB9C3FA-5DCB-407D-8D90-05490ED0FD98}.Release|Any CPU.ActiveCfg = Release|Any CPU
		{3CB9C3FA-5DCB-407D-8D90-05490ED0FD98}.Release|Any CPU.Build.0 = Release|Any CPU
	EndGlobalSection
	GlobalSection(SolutionProperties) = preSolution
		HideSolutionNode = FALSE
	EndGlobalSection
	GlobalSection(ExtensibilityGlobals) = postSolution
		SolutionGuid = {81648D3C-8201-4596-807A-48539B8F73A5}
	EndGlobalSection
EndGlobal
